
Microsoft Visual Studio Solution File, Format Version 12.00
# Visual Studio Version 16
VisualStudioVersion = 16.0.35229.62
MinimumVisualStudioVersion = 10.0.40219.1
Project("{FAE04EC0-301F-11D3-BF4B-00C04F79EFBC}") = "database-connect", "database-connect\database-connect.csproj", "{F1EA45EA-D5A8-498E-95DC-C57A0A84FEAC}"
EndProject
Global
	GlobalSection(SolutionConfigurationPlatforms) = preSolution
		Debug|Any CPU = Debug|Any CPU
		Release|Any CPU = Release|Any CPU
	EndGlobalSection
	GlobalSection(ProjectConfigurationPlatforms) = postSolution
		{F1EA45EA-D5A8-498E-95DC-C57A0A84FEAC}.Debug|Any CPU.ActiveCfg = Debug|Any CPU
		{F1EA45EA-D5A8-498E-95DC-C57A0A84FEAC}.Debug|Any CPU.Build.0 = Debug|Any CPU
		{F1EA45EA-D5A8-498E-95DC-C57A0A84FEAC}.Release|Any CPU.ActiveCfg = Release|Any CPU
		{F1EA45EA-D5A8-498E-95DC-C57A0A84FEAC}.Release|Any CPU.Build.0 = Release|Any CPU
	EndGlobalSection
	GlobalSection(SolutionProperties) = preSolution
		HideSolutionNode = FALSE
	EndGlobalSection
	GlobalSection(ExtensibilityGlobals) = postSolution
		SolutionGuid = {38BBA51B-31AE-4FEA-BC7C-03C6C50EAA0B}
	EndGlobalSection
EndGlobal
